// !$*UTF8*$!
{
	archiveVersion = 1;
	classes = {
	};
	objectVersion = 56;
	objects = {

/* Begin PBXBuildFile section */
		24C638CB2916E61A0031182F /* CountDownApp.swift in Sources */ = {isa = PBXBuildFile; fileRef = 24C638CA2916E61A0031182F /* CountDownApp.swift */; };
		24C638CD2916E61A0031182F /* ContentView.swift in Sources */ = {isa = PBXBuildFile; fileRef = 24C638CC2916E61A0031182F /* ContentView.swift */; };
		24C638CF2916E61B0031182F /* Assets.xcassets in Resources */ = {isa = PBXBuildFile; fileRef = 24C638CE2916E61B0031182F /* Assets.xcassets */; };
		24C638D22916E61B0031182F /* Preview Assets.xcassets in Resources */ = {isa = PBXBuildFile; fileRef = 24C638D12916E61B0031182F /* Preview Assets.xcassets */; };
		24C638DC2916E61B0031182F /* CountDownTests.swift in Sources */ = {isa = PBXBuildFile; fileRef = 24C638DB2916E61B0031182F /* CountDownTests.swift */; };
		24C638E62916E61B0031182F /* CountDownUITests.swift in Sources */ = {isa = PBXBuildFile; fileRef = 24C638E52916E61B0031182F /* CountDownUITests.swift */; };
		24C638E82916E61B0031182F /* CountDownUITestsLaunchTests.swift in Sources */ = {isa = PBXBuildFile; fileRef = 24C638E72916E61B0031182F /* CountDownUITestsLaunchTests.swift */; };
/* End PBXBuildFile section */

/* Begin PBXContainerItemProxy section */
		24C638D82916E61B0031182F /* PBXContainerItemProxy */ = {
			isa = PBXContainerItemProxy;
			containerPortal = 24C638BF2916E61A0031182F /* Project object */;
			proxyType = 1;
			remoteGlobalIDString = 24C638C62916E61A0031182F;
			remoteInfo = CountDown;
		};
		24C638E22916E61B0031182F /* PBXContainerItemProxy */ = {
			isa = PBXContainerItemProxy;
			containerPortal = 24C638BF2916E61A0031182F /* Project object */;
			proxyType = 1;
			remoteGlobalIDString = 24C638C62916E61A0031182F;
			remoteInfo = CountDown;
		};
/* End PBXContainerItemProxy section */

/* Begin PBXFileReference section */
		24C638C72916E61A0031182F /* CountDown.app */ = {isa = PBXFileReference; explicitFileType = wrapper.application; includeInIndex = 0; path = CountDown.app; sourceTree = BUILT_PRODUCTS_DIR; };
		24C638CA2916E61A0031182F /* CountDownApp.swift */ = {isa = PBXFileReference; lastKnownFileType = sourcecode.swift; path = CountDownApp.swift; sourceTree = "<group>"; };
		24C638CC2916E61A0031182F /* ContentView.swift */ = {isa = PBXFileReference; lastKnownFileType = sourcecode.swift; path = ContentView.swift; sourceTree = "<group>"; };
		24C638CE2916E61B0031182F /* Assets.xcassets */ = {isa = PBXFileReference; lastKnownFileType = folder.assetcatalog; path = Assets.xcassets; sourceTree = "<group>"; };
		24C638D12916E61B0031182F /* Preview Assets.xcassets */ = {isa = PBXFileReference; lastKnownFileType = folder.assetcatalog; path = "Preview Assets.xcassets"; sourceTree = "<group>"; };
		24C638D72916E61B0031182F /* CountDownTests.xctest */ = {isa = PBXFileReference; explicitFileType = wrapper.cfbundle; includeInIndex = 0; path = CountDownTests.xctest; sourceTree = BUILT_PRODUCTS_DIR; };
		24C638DB2916E61B0031182F /* CountDownTests.swift */ = {isa = PBXFileReference; lastKnownFileType = sourcecode.swift; path = CountDownTests.swift; sourceTree = "<group>"; };
		24C638E12916E61B0031182F /* CountDownUITests.xctest */ = {isa = PBXFileReference; explicitFileType = wrapper.cfbundle; includeInIndex = 0; path = CountDownUITests.xctest; sourceTree = BUILT_PRODUCTS_DIR; };
		24C638E52916E61B0031182F /* CountDownUITests.swift */ = {isa = PBXFileReference; lastKnownFileType = sourcecode.swift; path = CountDownUITests.swift; sourceTree = "<group>"; };
		24C638E72916E61B0031182F /* CountDownUITestsLaunchTests.swift */ = {isa = PBXFileReference; lastKnownFileType = sourcecode.swift; path = CountDownUITestsLaunchTests.swift; sourceTree = "<group>"; };
/* End PBXFileReference section */

/* Begin PBXFrameworksBuildPhase section */
		24C638C42916E61A0031182F /* Frameworks */ = {
			isa = PBXFrameworksBuildPhase;
			buildActionMask = 2147483647;
			files = (
			);
			runOnlyForDeploymentPostprocessing = 0;
		};
		24C638D42916E61B0031182F /* Frameworks */ = {
			isa = PBXFrameworksBuildPhase;
			buildActionMask = 2147483647;
			files = (
			);
			runOnlyForDeploymentPostprocessing = 0;
		};
		24C638DE2916E61B0031182F /* Frameworks */ = {
			isa = PBXFrameworksBuildPhase;
			buildActionMask = 2147483647;
			files = (
			);
			runOnlyForDeploymentPostprocessing = 0;
		};
/* End PBXFrameworksBuildPhase section */

/* Begin PBXGroup section */
		24C638BE2916E61A0031182F = {
			isa = PBXGroup;
			children = (
				24C638C92916E61A0031182F /* CountDown */,
				24C638DA2916E61B0031182F /* CountDownTests */,
				24C638E42916E61B0031182F /* CountDownUITests */,
				24C638C82916E61A0031182F /* Products */,
			);
			sourceTree = "<group>";
		};
		24C638C82916E61A0031182F /* Products */ = {
			isa = PBXGroup;
			children = (
				24C638C72916E61A0031182F /* CountDown.app */,
				24C638D72916E61B0031182F /* CountDownTests.xctest */,
				24C638E12916E61B0031182F /* CountDownUITests.xctest */,
			);
			name = Products;
			sourceTree = "<group>";
		};
		24C638C92916E61A0031182F /* CountDown */ = {
			isa = PBXGroup;
			children = (
				24C638CA2916E61A0031182F /* CountDownApp.swift */,
				24C638CC2916E61A0031182F /* ContentView.swift */,
				24C638CE2916E61B0031182F /* Assets.xcassets */,
				24C638D02916E61B0031182F /* Preview Content */,
			);
			path = CountDown;
			sourceTree = "<group>";
		};
		24C638D02916E61B0031182F /* Preview Content */ = {
			isa = PBXGroup;
			children = (
				24C638D12916E61B0031182F /* Preview Assets.xcassets */,
			);
			path = "Preview Content";
			sourceTree = "<group>";
		};
		24C638DA2916E61B0031182F /* CountDownTests */ = {
			isa = PBXGroup;
			children = (
				24C638DB2916E61B0031182F /* CountDownTests.swift */,
			);
			path = CountDownTests;
			sourceTree = "<group>";
		};
		24C638E42916E61B0031182F /* CountDownUITests */ = {
			isa = PBXGroup;
			children = (
				24C638E52916E61B0031182F /* CountDownUITests.swift */,
				24C638E72916E61B0031182F /* CountDownUITestsLaunchTests.swift */,
			);
			path = CountDownUITests;
			sourceTree = "<group>";
		};
/* End PBXGroup section */

/* Begin PBXNativeTarget section */
		24C638C62916E61A0031182F /* CountDown */ = {
			isa = PBXNativeTarget;
			buildConfigurationList = 24C638EB2916E61B0031182F /* Build configuration list for PBXNativeTarget "CountDown" */;
			buildPhases = (
				24C638C32916E61A0031182F /* Sources */,
				24C638C42916E61A0031182F /* Frameworks */,
				24C638C52916E61A0031182F /* Resources */,
			);
			buildRules = (
			);
			dependencies = (
			);
			name = CountDown;
			productName = CountDown;
			productReference = 24C638C72916E61A0031182F /* CountDown.app */;
			productType = "com.apple.product-type.application";
		};
		24C638D62916E61B0031182F /* CountDownTests */ = {
			isa = PBXNativeTarget;
			buildConfigurationList = 24C638EE2916E61B0031182F /* Build configuration list for PBXNativeTarget "CountDownTests" */;
			buildPhases = (
				24C638D32916E61B0031182F /* Sources */,
				24C638D42916E61B0031182F /* Frameworks */,
				24C638D52916E61B0031182F /* Resources */,
			);
			buildRules = (
			);
			dependencies = (
				24C638D92916E61B0031182F /* PBXTargetDependency */,
			);
			name = CountDownTests;
			productName = CountDownTests;
			productReference = 24C638D72916E61B0031182F /* CountDownTests.xctest */;
			productType = "com.apple.product-type.bundle.unit-test";
		};
		24C638E02916E61B0031182F /* CountDownUITests */ = {
			isa = PBXNativeTarget;
			buildConfigurationList = 24C638F12916E61B0031182F /* Build configuration list for PBXNativeTarget "CountDownUITests" */;
			buildPhases = (
				24C638DD2916E61B0031182F /* Sources */,
				24C638DE2916E61B0031182F /* Frameworks */,
				24C638DF2916E61B0031182F /* Resources */,
			);
			buildRules = (
			);
			dependencies = (
				24C638E32916E61B0031182F /* PBXTargetDependency */,
			);
			name = CountDownUITests;
			productName = CountDownUITests;
			productReference = 24C638E12916E61B0031182F /* CountDownUITests.xctest */;
			productType = "com.apple.product-type.bundle.ui-testing";
		};
/* End PBXNativeTarget section */

/* Begin PBXProject section */
		24C638BF2916E61A0031182F /* Project object */ = {
			isa = PBXProject;
			attributes = {
				BuildIndependentTargetsInParallel = 1;
				LastSwiftUpdateCheck = 1400;
				LastUpgradeCheck = 1400;
				TargetAttributes = {
					24C638C62916E61A0031182F = {
						CreatedOnToolsVersion = 14.0.1;
					};
					24C638D62916E61B0031182F = {
						CreatedOnToolsVersion = 14.0.1;
						TestTargetID = 24C638C62916E61A0031182F;
					};
					24C638E02916E61B0031182F = {
						CreatedOnToolsVersion = 14.0.1;
						TestTargetID = 24C638C62916E61A0031182F;
					};
				};
			};
			buildConfigurationList = 24C638C22916E61A0031182F /* Build configuration list for PBXProject "CountDown" */;
			compatibilityVersion = "Xcode 14.0";
			developmentRegion = en;
			hasScannedForEncodings = 0;
			knownRegions = (
				en,
				Base,
			);
			mainGroup = 24C638BE2916E61A0031182F;
			productRefGroup = 24C638C82916E61A0031182F /* Products */;
			projectDirPath = "";
			projectRoot = "";
			targets = (
				24C638C62916E61A0031182F /* CountDown */,
				24C638D62916E61B0031182F /* CountDownTests */,
				24C638E02916E61B0031182F /* CountDownUITests */,
			);
		};
/* End PBXProject section */

/* Begin PBXResourcesBuildPhase section */
		24C638C52916E61A0031182F /* Resources */ = {
			isa = PBXResourcesBuildPhase;
			buildActionMask = 2147483647;
			files = (
				24C638D22916E61B0031182F /* Preview Assets.xcassets in Resources */,
				24C638CF2916E61B0031182F /* Assets.xcassets in Resources */,
			);
			runOnlyForDeploymentPostprocessing = 0;
		};
		24C638D52916E61B0031182F /* Resources */ = {
			isa = PBXResourcesBuildPhase;
			buildActionMask = 2147483647;
			files = (
			);
			runOnlyForDeploymentPostprocessing = 0;
		};
		24C638DF2916E61B0031182F /* Resources */ = {
			isa = PBXResourcesBuildPhase;
			buildActionMask = 2147483647;
			files = (
			);
			runOnlyForDeploymentPostprocessing = 0;
		};
/* End PBXResourcesBuildPhase section */

/* Begin PBXSourcesBuildPhase section */
		24C638C32916E61A0031182F /* Sources */ = {
			isa = PBXSourcesBuildPhase;
			buildActionMask = 2147483647;
			files = (
				24C638CD2916E61A0031182F /* ContentView.swift in Sources */,
				24C638CB2916E61A0031182F /* CountDownApp.swift in Sources */,
			);
			runOnlyForDeploymentPostprocessing = 0;
		};
		24C638D32916E61B0031182F /* Sources */ = {
			isa = PBXSourcesBuildPhase;
			buildActionMask = 2147483647;
			files = (
				24C638DC2916E61B0031182F /* CountDownTests.swift in Sources */,
			);
			runOnlyForDeploymentPostprocessing = 0;
		};
		24C638DD2916E61B0031182F /* Sources */ = {
			isa = PBXSourcesBuildPhase;
			buildActionMask = 2147483647;
			files = (
				24C638E82916E61B0031182F /* CountDownUITestsLaunchTests.swift in Sources */,
				24C638E62916E61B0031182F /* CountDownUITests.swift in Sources */,
			);
			runOnlyForDeploymentPostprocessing = 0;
		};
/* End PBXSourcesBuildPhase section */

/* Begin PBXTargetDependency section */
		24C638D92916E61B0031182F /* PBXTargetDependency */ = {
			isa = PBXTargetDependency;
			target = 24C638C62916E61A0031182F /* CountDown */;
			targetProxy = 24C638D82916E61B0031182F /* PBXContainerItemProxy */;
		};
		24C638E32916E61B0031182F /* PBXTargetDependency */ = {
			isa = PBXTargetDependency;
			target = 24C638C62916E61A0031182F /* CountDown */;
			targetProxy = 24C638E22916E61B0031182F /* PBXContainerItemProxy */;
		};
/* End PBXTargetDependency section */

/* Begin XCBuildConfiguration section */
		24C638E92916E61B0031182F /* Debug */ = {
			isa = XCBuildConfiguration;
			buildSettings = {
				ALWAYS_SEARCH_USER_PATHS = NO;
				CLANG_ANALYZER_NONNULL = YES;
				CLANG_ANALYZER_NUMBER_OBJECT_CONVERSION = YES_AGGRESSIVE;
				CLANG_CXX_LANGUAGE_STANDARD = "gnu++20";
				CLANG_ENABLE_MODULES = YES;
				CLANG_ENABLE_OBJC_ARC = YES;
				CLANG_ENABLE_OBJC_WEAK = YES;
				CLANG_WARN_BLOCK_CAPTURE_AUTORELEASING = YES;
				CLANG_WARN_BOOL_CONVERSION = YES;
				CLANG_WARN_COMMA = YES;
				CLANG_WARN_CONSTANT_CONVERSION = YES;
				CLANG_WARN_DEPRECATED_OBJC_IMPLEMENTATIONS = YES;
				CLANG_WARN_DIRECT_OBJC_ISA_USAGE = YES_ERROR;
				CLANG_WARN_DOCUMENTATION_COMMENTS = YES;
				CLANG_WARN_EMPTY_BODY = YES;
				CLANG_WARN_ENUM_CONVERSION = YES;
				CLANG_WARN_INFINITE_RECURSION = YES;
				CLANG_WARN_INT_CONVERSION = YES;
				CLANG_WARN_NON_LITERAL_NULL_CONVERSION = YES;
				CLANG_WARN_OBJC_IMPLICIT_RETAIN_SELF = YES;
				CLANG_WARN_OBJC_LITERAL_CONVERSION = YES;
				CLANG_WARN_OBJC_ROOT_CLASS = YES_ERROR;
				CLANG_WARN_QUOTED_INCLUDE_IN_FRAMEWORK_HEADER = YES;
				CLANG_WARN_RANGE_LOOP_ANALYSIS = YES;
				CLANG_WARN_STRICT_PROTOTYPES = YES;
				CLANG_WARN_SUSPICIOUS_MOVE = YES;
				CLANG_WARN_UNGUARDED_AVAILABILITY = YES_AGGRESSIVE;
				CLANG_WARN_UNREACHABLE_CODE = YES;
				CLANG_WARN__DUPLICATE_METHOD_MATCH = YES;
				COPY_PHASE_STRIP = NO;
				DEBUG_INFORMATION_FORMAT = dwarf;
				ENABLE_STRICT_OBJC_MSGSEND = YES;
				ENABLE_TESTABILITY = YES;
				GCC_C_LANGUAGE_STANDARD = gnu11;
				GCC_DYNAMIC_NO_PIC = NO;
				GCC_NO_COMMON_BLOCKS = YES;
				GCC_OPTIMIZATION_LEVEL = 0;
				GCC_PREPROCESSOR_DEFINITIONS = (
					"DEBUG=1",
					"$(inherited)",
				);
				GCC_WARN_64_TO_32_BIT_CONVERSION = YES;
				GCC_WARN_ABOUT_RETURN_TYPE = YES_ERROR;
				GCC_WARN_UNDECLARED_SELECTOR = YES;
				GCC_WARN_UNINITIALIZED_AUTOS = YES_AGGRESSIVE;
				GCC_WARN_UNUSED_FUNCTION = YES;
				GCC_WARN_UNUSED_VARIABLE = YES;
				IPHONEOS_DEPLOYMENT_TARGET = 16.0;
				MTL_ENABLE_DEBUG_INFO = INCLUDE_SOURCE;
				MTL_FAST_MATH = YES;
				ONLY_ACTIVE_ARCH = YES;
				SDKROOT = iphoneos;
				SWIFT_ACTIVE_COMPILATION_CONDITIONS = DEBUG;
				SWIFT_OPTIMIZATION_LEVEL = "-Onone";
			};
			name = Debug;
		};
		24C638EA2916E61B0031182F /* Release */ = {
			isa = XCBuildConfiguration;
			buildSettings = {
				ALWAYS_SEARCH_USER_PATHS = NO;
				CLANG_ANALYZER_NONNULL = YES;
				CLANG_ANALYZER_NUMBER_OBJECT_CONVERSION = YES_AGGRESSIVE;
				CLANG_CXX_LANGUAGE_STANDARD = "gnu++20";
				CLANG_ENABLE_MODULES = YES;
				CLANG_ENABLE_OBJC_ARC = YES;
				CLANG_ENABLE_OBJC_WEAK = YES;
				CLANG_WARN_BLOCK_CAPTURE_AUTORELEASING = YES;
				CLANG_WARN_BOOL_CONVERSION = YES;
				CLANG_WARN_COMMA = YES;
				CLANG_WARN_CONSTANT_CONVERSION = YES;
				CLANG_WARN_DEPRECATED_OBJC_IMPLEMENTATIONS = YES;
				CLANG_WARN_DIRECT_OBJC_ISA_USAGE = YES_ERROR;
				CLANG_WARN_DOCUMENTATION_COMMENTS = YES;
				CLANG_WARN_EMPTY_BODY = YES;
				CLANG_WARN_ENUM_CONVERSION = YES;
				CLANG_WARN_INFINITE_RECURSION = YES;
				CLANG_WARN_INT_CONVERSION = YES;
				CLANG_WARN_NON_LITERAL_NULL_CONVERSION = YES;
				CLANG_WARN_OBJC_IMPLICIT_RETAIN_SELF = YES;
				CLANG_WARN_OBJC_LITERAL_CONVERSION = YES;
				CLANG_WARN_OBJC_ROOT_CLASS = YES_ERROR;
				CLANG_WARN_QUOTED_INCLUDE_IN_FRAMEWORK_HEADER = YES;
				CLANG_WARN_RANGE_LOOP_ANALYSIS = YES;
				CLANG_WARN_STRICT_PROTOTYPES = YES;
				CLANG_WARN_SUSPICIOUS_MOVE = YES;
				CLANG_WARN_UNGUARDED_AVAILABILITY = YES_AGGRESSIVE;
				CLANG_WARN_UNREACHABLE_CODE = YES;
				CLANG_WARN__DUPLICATE_METHOD_MATCH = YES;
				COPY_PHASE_STRIP = NO;
				DEBUG_INFORMATION_FORMAT = "dwarf-with-dsym";
				ENABLE_NS_ASSERTIONS = NO;
				ENABLE_STRICT_OBJC_MSGSEND = YES;
				GCC_C_LANGUAGE_STANDARD = gnu11;
				GCC_NO_COMMON_BLOCKS = YES;
				GCC_WARN_64_TO_32_BIT_CONVERSION = YES;
				GCC_WARN_ABOUT_RETURN_TYPE = YES_ERROR;
				GCC_WARN_UNDECLARED_SELECTOR = YES;
				GCC_WARN_UNINITIALIZED_AUTOS = YES_AGGRESSIVE;
				GCC_WARN_UNUSED_FUNCTION = YES;
				GCC_WARN_UNUSED_VARIABLE = YES;
				IPHONEOS_DEPLOYMENT_TARGET = 16.0;
				MTL_ENABLE_DEBUG_INFO = NO;
				MTL_FAST_MATH = YES;
				SDKROOT = iphoneos;
				SWIFT_COMPILATION_MODE = wholemodule;
				SWIFT_OPTIMIZATION_LEVEL = "-O";
				VALIDATE_PRODUCT = YES;
			};
			name = Release;
		};
		24C638EC2916E61B0031182F /* Debug */ = {
			isa = XCBuildConfiguration;
			buildSettings = {
				ASSETCATALOG_COMPILER_APPICON_NAME = AppIcon;
				ASSETCATALOG_COMPILER_GLOBAL_ACCENT_COLOR_NAME = AccentColor;
				CODE_SIGN_STYLE = Automatic;
				CURRENT_PROJECT_VERSION = 1;
				DEVELOPMENT_ASSET_PATHS = "\"CountDown/Preview Content\"";
				DEVELOPMENT_TEAM = 6T98LR668F;
				ENABLE_PREVIEWS = YES;
				GENERATE_INFOPLIST_FILE = YES;
				INFOPLIST_KEY_UIApplicationSceneManifest_Generation = YES;
				INFOPLIST_KEY_UIApplicationSupportsIndirectInputEvents = YES;
				INFOPLIST_KEY_UILaunchScreen_Generation = YES;
				INFOPLIST_KEY_UISupportedInterfaceOrientations_iPad = "UIInterfaceOrientationPortrait UIInterfaceOrientationPortraitUpsideDown UIInterfaceOrientationLandscapeLeft UIInterfaceOrientationLandscapeRight";
				INFOPLIST_KEY_UISupportedInterfaceOrientations_iPhone = "UIInterfaceOrientationPortrait UIInterfaceOrientationLandscapeLeft UIInterfaceOrientationLandscapeRight";
				LD_RUNPATH_SEARCH_PATHS = (
					"$(inherited)",
					"@executable_path/Frameworks",
				);
				MARKETING_VERSION = 1.0;
				PRODUCT_BUNDLE_IDENTIFIER = com.eloware.tryout.CountDown;
				PRODUCT_NAME = "$(TARGET_NAME)";
				SWIFT_EMIT_LOC_STRINGS = YES;
				SWIFT_VERSION = 5.0;
				TARGETED_DEVICE_FAMILY = "1,2";
			};
			name = Debug;
		};
		24C638ED2916E61B0031182F /* Release */ = {
			isa = XCBuildConfiguration;
			buildSettings = {
				ASSETCATALOG_COMPILER_APPICON_NAME = AppIcon;
				ASSETCATALOG_COMPILER_GLOBAL_ACCENT_COLOR_NAME = AccentColor;
				CODE_SIGN_STYLE = Automatic;
				CURRENT_PROJECT_VERSION = 1;
				DEVELOPMENT_ASSET_PATHS = "\"CountDown/Preview Content\"";
				DEVELOPMENT_TEAM = 6T98LR668F;
				ENABLE_PREVIEWS = YES;
				GENERATE_INFOPLIST_FILE = YES;
				INFOPLIST_KEY_UIApplicationSceneManifest_Generation = YES;
				INFOPLIST_KEY_UIApplicationSupportsIndirectInputEvents = YES;
				INFOPLIST_KEY_UILaunchScreen_Generation = YES;
				INFOPLIST_KEY_UISupportedInterfaceOrientations_iPad = "UIInterfaceOrientationPortrait UIInterfaceOrientationPortraitUpsideDown UIInterfaceOrientationLandscapeLeft UIInterfaceOrientationLandscapeRight";
				INFOPLIST_KEY_UISupportedInterfaceOrientations_iPhone = "UIInterfaceOrientationPortrait UIInterfaceOrientationLandscapeLeft UIInterfaceOrientationLandscapeRight";
				LD_RUNPATH_SEARCH_PATHS = (
					"$(inherited)",
					"@executable_path/Frameworks",
				);
				MARKETING_VERSION = 1.0;
				PRODUCT_BUNDLE_IDENTIFIER = com.eloware.tryout.CountDown;
				PRODUCT_NAME = "$(TARGET_NAME)";
				SWIFT_EMIT_LOC_STRINGS = YES;
				SWIFT_VERSION = 5.0;
				TARGETED_DEVICE_FAMILY = "1,2";
			};
			name = Release;
		};
		24C638EF2916E61B0031182F /* Debug */ = {
			isa = XCBuildConfiguration;
			buildSettings = {
				ALWAYS_EMBED_SWIFT_STANDARD_LIBRARIES = YES;
				BUNDLE_LOADER = "$(TEST_HOST)";
				CODE_SIGN_STYLE = Automatic;
				CURRENT_PROJECT_VERSION = 1;
				DEVELOPMENT_TEAM = 6T98LR668F;
				GENERATE_INFOPLIST_FILE = YES;
				IPHONEOS_DEPLOYMENT_TARGET = 16.0;
				MARKETING_VERSION = 1.0;
				PRODUCT_BUNDLE_IDENTIFIER = com.eloware.tryout.CountDownTests;
				PRODUCT_NAME = "$(TARGET_NAME)";
				SWIFT_EMIT_LOC_STRINGS = NO;
				SWIFT_VERSION = 5.0;
				TARGETED_DEVICE_FAMILY = "1,2";
				TEST_HOST = "$(BUILT_PRODUCTS_DIR)/CountDown.app/$(BUNDLE_EXECUTABLE_FOLDER_PATH)/CountDown";
			};
			name = Debug;
		};
		24C638F02916E61B0031182F /* Release */ = {
			isa = XCBuildConfiguration;
			buildSettings = {
				ALWAYS_EMBED_SWIFT_STANDARD_LIBRARIES = YES;
				BUNDLE_LOADER = "$(TEST_HOST)";
				CODE_SIGN_STYLE = Automatic;
				CURRENT_PROJECT_VERSION = 1;
				DEVELOPMENT_TEAM = 6T98LR668F;
				GENERATE_INFOPLIST_FILE = YES;
				IPHONEOS_DEPLOYMENT_TARGET = 16.0;
				MARKETING_VERSION = 1.0;
				PRODUCT_BUNDLE_IDENTIFIER = com.eloware.tryout.CountDownTests;
				PRODUCT_NAME = "$(TARGET_NAME)";
				SWIFT_EMIT_LOC_STRINGS = NO;
				SWIFT_VERSION = 5.0;
				TARGETED_DEVICE_FAMILY = "1,2";
				TEST_HOST = "$(BUILT_PRODUCTS_DIR)/CountDown.app/$(BUNDLE_EXECUTABLE_FOLDER_PATH)/CountDown";
			};
			name = Release;
		};
		24C638F22916E61B0031182F /* Debug */ = {
			isa = XCBuildConfiguration;
			buildSettings = {
				ALWAYS_EMBED_SWIFT_STANDARD_LIBRARIES = YES;
				CODE_SIGN_STYLE = Automatic;
				CURRENT_PROJECT_VERSION = 1;
				DEVELOPMENT_TEAM = 6T98LR668F;
				GENERATE_INFOPLIST_FILE = YES;
				MARKETING_VERSION = 1.0;
				PRODUCT_BUNDLE_IDENTIFIER = com.eloware.tryout.CountDownUITests;
				PRODUCT_NAME = "$(TARGET_NAME)";
				SWIFT_EMIT_LOC_STRINGS = NO;
				SWIFT_VERSION = 5.0;
				TARGETED_DEVICE_FAMILY = "1,2";
				TEST_TARGET_NAME = CountDown;
			};
			name = Debug;
		};
		24C638F32916E61B0031182F /* Release */ = {
			isa = XCBuildConfiguration;
			buildSettings = {
				ALWAYS_EMBED_SWIFT_STANDARD_LIBRARIES = YES;
				CODE_SIGN_STYLE = Automatic;
				CURRENT_PROJECT_VERSION = 1;
				DEVELOPMENT_TEAM = 6T98LR668F;
				GENERATE_INFOPLIST_FILE = YES;
				MARKETING_VERSION = 1.0;
				PRODUCT_BUNDLE_IDENTIFIER = com.eloware.tryout.CountDownUITests;
				PRODUCT_NAME = "$(TARGET_NAME)";
				SWIFT_EMIT_LOC_STRINGS = NO;
				SWIFT_VERSION = 5.0;
				TARGETED_DEVICE_FAMILY = "1,2";
				TEST_TARGET_NAME = CountDown;
			};
			name = Release;
		};
/* End XCBuildConfiguration section */

/* Begin XCConfigurationList section */
		24C638C22916E61A0031182F /* Build configuration list for PBXProject "CountDown" */ = {
			isa = XCConfigurationList;
			buildConfigurations = (
				24C638E92916E61B0031182F /* Debug */,
				24C638EA2916E61B0031182F /* Release */,
			);
			defaultConfigurationIsVisible = 0;
			defaultConfigurationName = Release;
		};
		24C638EB2916E61B0031182F /* Build configuration list for PBXNativeTarget "CountDown" */ = {
			isa = XCConfigurationList;
			buildConfigurations = (
				24C638EC2916E61B0031182F /* Debug */,
				24C638ED2916E61B0031182F /* Release */,
			);
			defaultConfigurationIsVisible = 0;
			defaultConfigurationName = Release;
		};
		24C638EE2916E61B0031182F /* Build configuration list for PBXNativeTarget "CountDownTests" */ = {
			isa = XCConfigurationList;
			buildConfigurations = (
				24C638EF2916E61B0031182F /* Debug */,
				24C638F02916E61B0031182F /* Release */,
			);
			defaultConfigurationIsVisible = 0;
			defaultConfigurationName = Release;
		};
		24C638F12916E61B0031182F /* Build configuration list for PBXNativeTarget "CountDownUITests" */ = {
			isa = XCConfigurationList;
			buildConfigurations = (
				24C638F22916E61B0031182F /* Debug */,
				24C638F32916E61B0031182F /* Release */,
			);
			defaultConfigurationIsVisible = 0;
			defaultConfigurationName = Release;
		};
/* End XCConfigurationList section */
	};
	rootObject = 24C638BF2916E61A0031182F /* Project object */;
}
